
Microsoft Visual Studio Solution File, Format Version 12.00
# Visual Studio 15
Project("{FAE04EC0-301F-11D3-BF4B-00C04F79EFBC}") = "Assembly-CSharp", "Assembly-CSharp.csproj", "{BD14D89A-41E3-08AD-6475-EAD4607CB619}"
EndProject
Project("{FAE04EC0-301F-11D3-BF4B-00C04F79EFBC}") = "Assembly-CSharp-Editor", "Assembly-CSharp-Editor.csproj", "{BB898F6C-F213-DBA0-F70C-96C17D7C6AFA}"
EndProject
Global
	GlobalSection(SolutionConfigurationPlatforms) = preSolution
		Debug|Any CPU = Debug|Any CPU
		Release|Any CPU = Release|Any CPU
	EndGlobalSection
	GlobalSection(ProjectConfigurationPlatforms) = postSolution
		{BD14D89A-41E3-08AD-6475-EAD4607CB619}.Debug|Any CPU.ActiveCfg = Debug|Any CPU
		{BD14D89A-41E3-08AD-6475-EAD4607CB619}.Debug|Any CPU.Build.0 = Debug|Any CPU
		{BD14D89A-41E3-08AD-6475-EAD4607CB619}.Release|Any CPU.ActiveCfg = Release|Any CPU
		{BD14D89A-41E3-08AD-6475-EAD4607CB619}.Release|Any CPU.Build.0 = Release|Any CPU
		{BB898F6C-F213-DBA0-F70C-96C17D7C6AFA}.Debug|Any CPU.ActiveCfg = Debug|Any CPU
		{BB898F6C-F213-DBA0-F70C-96C17D7C6AFA}.Debug|Any CPU.Build.0 = Debug|Any CPU
		{BB898F6C-F213-DBA0-F70C-96C17D7C6AFA}.Release|Any CPU.ActiveCfg = Release|Any CPU
		{BB898F6C-F213-DBA0-F70C-96C17D7C6AFA}.Release|Any CPU.Build.0 = Release|Any CPU
	EndGlobalSection
	GlobalSection(SolutionProperties) = preSolution
		HideSolutionNode = FALSE
	EndGlobalSection
EndGlobal
